
Microsoft Visual Studio Solution File, Format Version 12.00
# Visual Studio Version 16
VisualStudioVersion = 16.0.31321.278
MinimumVisualStudioVersion = 10.0.40219.1
Project("{FAE04EC0-301F-11D3-BF4B-00C04F79EFBC}") = "APIBook", "APIBook\APIBook.csproj", "{5DD220E3-2FE7-405F-B234-E24492AB19A8}"
EndProject
Global
	GlobalSection(SolutionConfigurationPlatforms) = preSolution
		Debug|Any CPU = Debug|Any CPU
		Release|Any CPU = Release|Any CPU
	EndGlobalSection
	GlobalSection(ProjectConfigurationPlatforms) = postSolution
		{5DD220E3-2FE7-405F-B234-E24492AB19A8}.Debug|Any CPU.ActiveCfg = Debug|Any CPU
		{5DD220E3-2FE7-405F-B234-E24492AB19A8}.Debug|Any CPU.Build.0 = Debug|Any CPU
		{5DD220E3-2FE7-405F-B234-E24492AB19A8}.Release|Any CPU.ActiveCfg = Release|Any CPU
		{5DD220E3-2FE7-405F-B234-E24492AB19A8}.Release|Any CPU.Build.0 = Release|Any CPU
	EndGlobalSection
	GlobalSection(SolutionProperties) = preSolution
		HideSolutionNode = FALSE
	EndGlobalSection
	GlobalSection(ExtensibilityGlobals) = postSolution
		SolutionGuid = {425C831A-ADFB-41D6-B038-11942FEA1307}
	EndGlobalSection
EndGlobal
